// !$*UTF8*$!
{
	archiveVersion = 1;
	classes = {
	};
	objectVersion = 56;
	objects = {

/* Begin PBXBuildFile section */
		180362132BC5F4ED0013DCDF /* MoneyInfoView.swift in Sources */ = {isa = PBXBuildFile; fileRef = 180362122BC5F4ED0013DCDF /* MoneyInfoView.swift */; };
		180709732BC9B3CB00FA885F /* ImagePicker.swift in Sources */ = {isa = PBXBuildFile; fileRef = 180709722BC9B3CB00FA885F /* ImagePicker.swift */; };
		184EC66A2BB6826000D2CB2C /* HomeView.swift in Sources */ = {isa = PBXBuildFile; fileRef = 184EC6692BB6826000D2CB2C /* HomeView.swift */; };
		185F83D82BCC29250037CD0E /* HorizonCalendar in Frameworks */ = {isa = PBXBuildFile; productRef = 185F83D72BCC29250037CD0E /* HorizonCalendar */; };
		185F83DA2BCC293F0037CD0E /* CalendarDisplayViewController.swift in Sources */ = {isa = PBXBuildFile; fileRef = 185F83D92BCC293E0037CD0E /* CalendarDisplayViewController.swift */; };
		18E883F72BB4A96300BDC6EC /* CarRentalAppApp.swift in Sources */ = {isa = PBXBuildFile; fileRef = 18E883F62BB4A96300BDC6EC /* CarRentalAppApp.swift */; };
		18E883FB2BB4A96600BDC6EC /* Assets.xcassets in Resources */ = {isa = PBXBuildFile; fileRef = 18E883FA2BB4A96600BDC6EC /* Assets.xcassets */; };
		18E883FE2BB4A96600BDC6EC /* Preview Assets.xcassets in Resources */ = {isa = PBXBuildFile; fileRef = 18E883FD2BB4A96600BDC6EC /* Preview Assets.xcassets */; };
		18E884082BB4A99D00BDC6EC /* MainTabBarView.swift in Sources */ = {isa = PBXBuildFile; fileRef = 18E884072BB4A99D00BDC6EC /* MainTabBarView.swift */; };
		18E8840A2BB4AB4200BDC6EC /* CarManager.swift in Sources */ = {isa = PBXBuildFile; fileRef = 18E884092BB4AB4200BDC6EC /* CarManager.swift */; };
		18E8840C2BB4AB7600BDC6EC /* CarListView.swift in Sources */ = {isa = PBXBuildFile; fileRef = 18E8840B2BB4AB7600BDC6EC /* CarListView.swift */; };
		18E8840E2BB4AB9B00BDC6EC /* CarDetailView.swift in Sources */ = {isa = PBXBuildFile; fileRef = 18E8840D2BB4AB9B00BDC6EC /* CarDetailView.swift */; };
		18E884102BB4ABE000BDC6EC /* NewCarInputView.swift in Sources */ = {isa = PBXBuildFile; fileRef = 18E8840F2BB4ABE000BDC6EC /* NewCarInputView.swift */; };
/* End PBXBuildFile section */

/* Begin PBXFileReference section */
		180362122BC5F4ED0013DCDF /* MoneyInfoView.swift */ = {isa = PBXFileReference; lastKnownFileType = sourcecode.swift; path = MoneyInfoView.swift; sourceTree = "<group>"; };
		180709722BC9B3CB00FA885F /* ImagePicker.swift */ = {isa = PBXFileReference; lastKnownFileType = sourcecode.swift; path = ImagePicker.swift; sourceTree = "<group>"; };
		181E12262BD3756300091721 /* Info.plist */ = {isa = PBXFileReference; lastKnownFileType = text.plist; path = Info.plist; sourceTree = "<group>"; };
		184EC6692BB6826000D2CB2C /* HomeView.swift */ = {isa = PBXFileReference; lastKnownFileType = sourcecode.swift; path = HomeView.swift; sourceTree = "<group>"; };
		185F83D92BCC293E0037CD0E /* CalendarDisplayViewController.swift */ = {isa = PBXFileReference; lastKnownFileType = sourcecode.swift; path = CalendarDisplayViewController.swift; sourceTree = "<group>"; };
		18E883F32BB4A96300BDC6EC /* CarRentalApp.app */ = {isa = PBXFileReference; explicitFileType = wrapper.application; includeInIndex = 0; path = CarRentalApp.app; sourceTree = BUILT_PRODUCTS_DIR; };
		18E883F62BB4A96300BDC6EC /* CarRentalAppApp.swift */ = {isa = PBXFileReference; lastKnownFileType = sourcecode.swift; path = CarRentalAppApp.swift; sourceTree = "<group>"; };
		18E883FA2BB4A96600BDC6EC /* Assets.xcassets */ = {isa = PBXFileReference; lastKnownFileType = folder.assetcatalog; path = Assets.xcassets; sourceTree = "<group>"; };
		18E883FD2BB4A96600BDC6EC /* Preview Assets.xcassets */ = {isa = PBXFileReference; lastKnownFileType = folder.assetcatalog; path = "Preview Assets.xcassets"; sourceTree = "<group>"; };
		18E884072BB4A99D00BDC6EC /* MainTabBarView.swift */ = {isa = PBXFileReference; lastKnownFileType = sourcecode.swift; path = MainTabBarView.swift; sourceTree = "<group>"; };
		18E884092BB4AB4200BDC6EC /* CarManager.swift */ = {isa = PBXFileReference; lastKnownFileType = sourcecode.swift; path = CarManager.swift; sourceTree = "<group>"; };
		18E8840B2BB4AB7600BDC6EC /* CarListView.swift */ = {isa = PBXFileReference; lastKnownFileType = sourcecode.swift; path = CarListView.swift; sourceTree = "<group>"; };
		18E8840D2BB4AB9B00BDC6EC /* CarDetailView.swift */ = {isa = PBXFileReference; lastKnownFileType = sourcecode.swift; path = CarDetailView.swift; sourceTree = "<group>"; };
		18E8840F2BB4ABE000BDC6EC /* NewCarInputView.swift */ = {isa = PBXFileReference; lastKnownFileType = sourcecode.swift; path = NewCarInputView.swift; sourceTree = "<group>"; };
/* End PBXFileReference section */

/* Begin PBXFrameworksBuildPhase section */
		18E883F02BB4A96300BDC6EC /* Frameworks */ = {
			isa = PBXFrameworksBuildPhase;
			buildActionMask = 2147483647;
			files = (
				185F83D82BCC29250037CD0E /* HorizonCalendar in Frameworks */,
			);
			runOnlyForDeploymentPostprocessing = 0;
		};
/* End PBXFrameworksBuildPhase section */

/* Begin PBXGroup section */
		184EC66E2BB7477600D2CB2C /* Other */ = {
			isa = PBXGroup;
			children = (
				180709722BC9B3CB00FA885F /* ImagePicker.swift */,
			);
			path = Other;
			sourceTree = "<group>";
		};
		18E883EA2BB4A96300BDC6EC = {
			isa = PBXGroup;
			children = (
				18E883F52BB4A96300BDC6EC /* CarRentalApp */,
				18E883F42BB4A96300BDC6EC /* Products */,
			);
			sourceTree = "<group>";
		};
		18E883F42BB4A96300BDC6EC /* Products */ = {
			isa = PBXGroup;
			children = (
				18E883F32BB4A96300BDC6EC /* CarRentalApp.app */,
			);
			name = Products;
			sourceTree = "<group>";
		};
		18E883F52BB4A96300BDC6EC /* CarRentalApp */ = {
			isa = PBXGroup;
			children = (
				181E12262BD3756300091721 /* Info.plist */,
				184EC66E2BB7477600D2CB2C /* Other */,
				18E884062BB4A98A00BDC6EC /* TabBar */,
				18E884052BB4A97800BDC6EC /* Models */,
				18E884042BB4A97400BDC6EC /* Views */,
				18E883FA2BB4A96600BDC6EC /* Assets.xcassets */,
				18E883FC2BB4A96600BDC6EC /* Preview Content */,
			);
			path = CarRentalApp;
			sourceTree = "<group>";
		};
		18E883FC2BB4A96600BDC6EC /* Preview Content */ = {
			isa = PBXGroup;
			children = (
				18E883FD2BB4A96600BDC6EC /* Preview Assets.xcassets */,
			);
			path = "Preview Content";
			sourceTree = "<group>";
		};
		18E884042BB4A97400BDC6EC /* Views */ = {
			isa = PBXGroup;
			children = (
				18E883F62BB4A96300BDC6EC /* CarRentalAppApp.swift */,
				18E8840B2BB4AB7600BDC6EC /* CarListView.swift */,
				18E8840D2BB4AB9B00BDC6EC /* CarDetailView.swift */,
				18E8840F2BB4ABE000BDC6EC /* NewCarInputView.swift */,
				184EC6692BB6826000D2CB2C /* HomeView.swift */,
				180362122BC5F4ED0013DCDF /* MoneyInfoView.swift */,
				185F83D92BCC293E0037CD0E /* CalendarDisplayViewController.swift */,
			);
			path = Views;
			sourceTree = "<group>";
		};
		18E884052BB4A97800BDC6EC /* Models */ = {
			isa = PBXGroup;
			children = (
				18E884092BB4AB4200BDC6EC /* CarManager.swift */,
			);
			path = Models;
			sourceTree = "<group>";
		};
		18E884062BB4A98A00BDC6EC /* TabBar */ = {
			isa = PBXGroup;
			children = (
				18E884072BB4A99D00BDC6EC /* MainTabBarView.swift */,
			);
			path = TabBar;
			sourceTree = "<group>";
		};
/* End PBXGroup section */

/* Begin PBXNativeTarget section */
		18E883F22BB4A96300BDC6EC /* CarRentalApp */ = {
			isa = PBXNativeTarget;
			buildConfigurationList = 18E884012BB4A96600BDC6EC /* Build configuration list for PBXNativeTarget "CarRentalApp" */;
			buildPhases = (
				18E883EF2BB4A96300BDC6EC /* Sources */,
				18E883F02BB4A96300BDC6EC /* Frameworks */,
				18E883F12BB4A96300BDC6EC /* Resources */,
			);
			buildRules = (
			);
			dependencies = (
			);
			name = CarRentalApp;
			packageProductDependencies = (
				185F83D72BCC29250037CD0E /* HorizonCalendar */,
			);
			productName = CarRentalApp;
			productReference = 18E883F32BB4A96300BDC6EC /* CarRentalApp.app */;
			productType = "com.apple.product-type.application";
		};
/* End PBXNativeTarget section */

/* Begin PBXProject section */
		18E883EB2BB4A96300BDC6EC /* Project object */ = {
			isa = PBXProject;
			attributes = {
				BuildIndependentTargetsInParallel = 1;
				LastSwiftUpdateCheck = 1510;
				LastUpgradeCheck = 1510;
				TargetAttributes = {
					18E883F22BB4A96300BDC6EC = {
						CreatedOnToolsVersion = 15.1;
					};
				};
			};
			buildConfigurationList = 18E883EE2BB4A96300BDC6EC /* Build configuration list for PBXProject "CarRentalApp" */;
			compatibilityVersion = "Xcode 14.0";
			developmentRegion = en;
			hasScannedForEncodings = 0;
			knownRegions = (
				en,
				Base,
			);
			mainGroup = 18E883EA2BB4A96300BDC6EC;
			packageReferences = (
				185F83D62BCC29250037CD0E /* XCRemoteSwiftPackageReference "HorizonCalendar" */,
			);
			productRefGroup = 18E883F42BB4A96300BDC6EC /* Products */;
			projectDirPath = "";
			projectRoot = "";
			targets = (
				18E883F22BB4A96300BDC6EC /* CarRentalApp */,
			);
		};
/* End PBXProject section */

/* Begin PBXResourcesBuildPhase section */
		18E883F12BB4A96300BDC6EC /* Resources */ = {
			isa = PBXResourcesBuildPhase;
			buildActionMask = 2147483647;
			files = (
				18E883FE2BB4A96600BDC6EC /* Preview Assets.xcassets in Resources */,
				18E883FB2BB4A96600BDC6EC /* Assets.xcassets in Resources */,
			);
			runOnlyForDeploymentPostprocessing = 0;
		};
/* End PBXResourcesBuildPhase section */

/* Begin PBXSourcesBuildPhase section */
		18E883EF2BB4A96300BDC6EC /* Sources */ = {
			isa = PBXSourcesBuildPhase;
			buildActionMask = 2147483647;
			files = (
				18E884082BB4A99D00BDC6EC /* MainTabBarView.swift in Sources */,
				185F83DA2BCC293F0037CD0E /* CalendarDisplayViewController.swift in Sources */,
				18E884102BB4ABE000BDC6EC /* NewCarInputView.swift in Sources */,
				18E8840C2BB4AB7600BDC6EC /* CarListView.swift in Sources */,
				18E8840A2BB4AB4200BDC6EC /* CarManager.swift in Sources */,
				184EC66A2BB6826000D2CB2C /* HomeView.swift in Sources */,
				18E8840E2BB4AB9B00BDC6EC /* CarDetailView.swift in Sources */,
				180709732BC9B3CB00FA885F /* ImagePicker.swift in Sources */,
				180362132BC5F4ED0013DCDF /* MoneyInfoView.swift in Sources */,
				18E883F72BB4A96300BDC6EC /* CarRentalAppApp.swift in Sources */,
			);
			runOnlyForDeploymentPostprocessing = 0;
		};
/* End PBXSourcesBuildPhase section */

/* Begin XCBuildConfiguration section */
		18E883FF2BB4A96600BDC6EC /* Debug */ = {
			isa = XCBuildConfiguration;
			buildSettings = {
				ALWAYS_SEARCH_USER_PATHS = NO;
				ASSETCATALOG_COMPILER_GENERATE_SWIFT_ASSET_SYMBOL_EXTENSIONS = YES;
				CLANG_ANALYZER_NONNULL = YES;
				CLANG_ANALYZER_NUMBER_OBJECT_CONVERSION = YES_AGGRESSIVE;
				CLANG_CXX_LANGUAGE_STANDARD = "gnu++20";
				CLANG_ENABLE_MODULES = YES;
				CLANG_ENABLE_OBJC_ARC = YES;
				CLANG_ENABLE_OBJC_WEAK = YES;
				CLANG_WARN_BLOCK_CAPTURE_AUTORELEASING = YES;
				CLANG_WARN_BOOL_CONVERSION = YES;
				CLANG_WARN_COMMA = YES;
				CLANG_WARN_CONSTANT_CONVERSION = YES;
				CLANG_WARN_DEPRECATED_OBJC_IMPLEMENTATIONS = YES;
				CLANG_WARN_DIRECT_OBJC_ISA_USAGE = YES_ERROR;
				CLANG_WARN_DOCUMENTATION_COMMENTS = YES;
				CLANG_WARN_EMPTY_BODY = YES;
				CLANG_WARN_ENUM_CONVERSION = YES;
				CLANG_WARN_INFINITE_RECURSION = YES;
				CLANG_WARN_INT_CONVERSION = YES;
				CLANG_WARN_NON_LITERAL_NULL_CONVERSION = YES;
				CLANG_WARN_OBJC_IMPLICIT_RETAIN_SELF = YES;
				CLANG_WARN_OBJC_LITERAL_CONVERSION = YES;
				CLANG_WARN_OBJC_ROOT_CLASS = YES_ERROR;
				CLANG_WARN_QUOTED_INCLUDE_IN_FRAMEWORK_HEADER = YES;
				CLANG_WARN_RANGE_LOOP_ANALYSIS = YES;
				CLANG_WARN_STRICT_PROTOTYPES = YES;
				CLANG_WARN_SUSPICIOUS_MOVE = YES;
				CLANG_WARN_UNGUARDED_AVAILABILITY = YES_AGGRESSIVE;
				CLANG_WARN_UNREACHABLE_CODE = YES;
				CLANG_WARN__DUPLICATE_METHOD_MATCH = YES;
				COPY_PHASE_STRIP = NO;
				DEBUG_INFORMATION_FORMAT = dwarf;
				ENABLE_STRICT_OBJC_MSGSEND = YES;
				ENABLE_TESTABILITY = YES;
				ENABLE_USER_SCRIPT_SANDBOXING = YES;
				GCC_C_LANGUAGE_STANDARD = gnu17;
				GCC_DYNAMIC_NO_PIC = NO;
				GCC_NO_COMMON_BLOCKS = YES;
				GCC_OPTIMIZATION_LEVEL = 0;
				GCC_PREPROCESSOR_DEFINITIONS = (
					"DEBUG=1",
					"$(inherited)",
				);
				GCC_WARN_64_TO_32_BIT_CONVERSION = YES;
				GCC_WARN_ABOUT_RETURN_TYPE = YES_ERROR;
				GCC_WARN_UNDECLARED_SELECTOR = YES;
				GCC_WARN_UNINITIALIZED_AUTOS = YES_AGGRESSIVE;
				GCC_WARN_UNUSED_FUNCTION = YES;
				GCC_WARN_UNUSED_VARIABLE = YES;
				IPHONEOS_DEPLOYMENT_TARGET = 17.2;
				LOCALIZATION_PREFERS_STRING_CATALOGS = YES;
				MTL_ENABLE_DEBUG_INFO = INCLUDE_SOURCE;
				MTL_FAST_MATH = YES;
				ONLY_ACTIVE_ARCH = YES;
				SDKROOT = iphoneos;
				SWIFT_ACTIVE_COMPILATION_CONDITIONS = "DEBUG $(inherited)";
				SWIFT_OPTIMIZATION_LEVEL = "-Onone";
			};
			name = Debug;
		};
		18E884002BB4A96600BDC6EC /* Release */ = {
			isa = XCBuildConfiguration;
			buildSettings = {
				ALWAYS_SEARCH_USER_PATHS = NO;
				ASSETCATALOG_COMPILER_GENERATE_SWIFT_ASSET_SYMBOL_EXTENSIONS = YES;
				CLANG_ANALYZER_NONNULL = YES;
				CLANG_ANALYZER_NUMBER_OBJECT_CONVERSION = YES_AGGRESSIVE;
				CLANG_CXX_LANGUAGE_STANDARD = "gnu++20";
				CLANG_ENABLE_MODULES = YES;
				CLANG_ENABLE_OBJC_ARC = YES;
				CLANG_ENABLE_OBJC_WEAK = YES;
				CLANG_WARN_BLOCK_CAPTURE_AUTORELEASING = YES;
				CLANG_WARN_BOOL_CONVERSION = YES;
				CLANG_WARN_COMMA = YES;
				CLANG_WARN_CONSTANT_CONVERSION = YES;
				CLANG_WARN_DEPRECATED_OBJC_IMPLEMENTATIONS = YES;
				CLANG_WARN_DIRECT_OBJC_ISA_USAGE = YES_ERROR;
				CLANG_WARN_DOCUMENTATION_COMMENTS = YES;
				CLANG_WARN_EMPTY_BODY = YES;
				CLANG_WARN_ENUM_CONVERSION = YES;
				CLANG_WARN_INFINITE_RECURSION = YES;
				CLANG_WARN_INT_CONVERSION = YES;
				CLANG_WARN_NON_LITERAL_NULL_CONVERSION = YES;
				CLANG_WARN_OBJC_IMPLICIT_RETAIN_SELF = YES;
				CLANG_WARN_OBJC_LITERAL_CONVERSION = YES;
				CLANG_WARN_OBJC_ROOT_CLASS = YES_ERROR;
				CLANG_WARN_QUOTED_INCLUDE_IN_FRAMEWORK_HEADER = YES;
				CLANG_WARN_RANGE_LOOP_ANALYSIS = YES;
				CLANG_WARN_STRICT_PROTOTYPES = YES;
				CLANG_WARN_SUSPICIOUS_MOVE = YES;
				CLANG_WARN_UNGUARDED_AVAILABILITY = YES_AGGRESSIVE;
				CLANG_WARN_UNREACHABLE_CODE = YES;
				CLANG_WARN__DUPLICATE_METHOD_MATCH = YES;
				COPY_PHASE_STRIP = NO;
				DEBUG_INFORMATION_FORMAT = "dwarf-with-dsym";
				ENABLE_NS_ASSERTIONS = NO;
				ENABLE_STRICT_OBJC_MSGSEND = YES;
				ENABLE_USER_SCRIPT_SANDBOXING = YES;
				GCC_C_LANGUAGE_STANDARD = gnu17;
				GCC_NO_COMMON_BLOCKS = YES;
				GCC_WARN_64_TO_32_BIT_CONVERSION = YES;
				GCC_WARN_ABOUT_RETURN_TYPE = YES_ERROR;
				GCC_WARN_UNDECLARED_SELECTOR = YES;
				GCC_WARN_UNINITIALIZED_AUTOS = YES_AGGRESSIVE;
				GCC_WARN_UNUSED_FUNCTION = YES;
				GCC_WARN_UNUSED_VARIABLE = YES;
				IPHONEOS_DEPLOYMENT_TARGET = 17.2;
				LOCALIZATION_PREFERS_STRING_CATALOGS = YES;
				MTL_ENABLE_DEBUG_INFO = NO;
				MTL_FAST_MATH = YES;
				SDKROOT = iphoneos;
				SWIFT_COMPILATION_MODE = wholemodule;
				VALIDATE_PRODUCT = YES;
			};
			name = Release;
		};
		18E884022BB4A96600BDC6EC /* Debug */ = {
			isa = XCBuildConfiguration;
			buildSettings = {
				ASSETCATALOG_COMPILER_APPICON_NAME = AppIcon;
				ASSETCATALOG_COMPILER_GLOBAL_ACCENT_COLOR_NAME = AccentColor;
				CODE_SIGN_STYLE = Automatic;
				CURRENT_PROJECT_VERSION = 1;
				DEVELOPMENT_ASSET_PATHS = "\"CarRentalApp/Preview Content\"";
				DEVELOPMENT_TEAM = CX2WD59759;
				ENABLE_PREVIEWS = YES;
				GENERATE_INFOPLIST_FILE = YES;
				INFOPLIST_FILE = CarRentalApp/Info.plist;
				INFOPLIST_KEY_UIApplicationSceneManifest_Generation = YES;
				INFOPLIST_KEY_UIApplicationSupportsIndirectInputEvents = YES;
				INFOPLIST_KEY_UISupportedInterfaceOrientations_iPad = "UIInterfaceOrientationPortrait UIInterfaceOrientationPortraitUpsideDown UIInterfaceOrientationLandscapeLeft UIInterfaceOrientationLandscapeRight";
				INFOPLIST_KEY_UISupportedInterfaceOrientations_iPhone = "UIInterfaceOrientationPortrait UIInterfaceOrientationLandscapeLeft UIInterfaceOrientationLandscapeRight";
				LD_RUNPATH_SEARCH_PATHS = (
					"$(inherited)",
					"@executable_path/Frameworks",
				);
				MARKETING_VERSION = 1.0;
				PRODUCT_BUNDLE_IDENTIFIER = ICO.CarRentalApp;
				PRODUCT_NAME = "$(TARGET_NAME)";
				SWIFT_EMIT_LOC_STRINGS = YES;
				SWIFT_VERSION = 5.0;
				TARGETED_DEVICE_FAMILY = "1,2";
			};
			name = Debug;
		};
		18E884032BB4A96600BDC6EC /* Release */ = {
			isa = XCBuildConfiguration;
			buildSettings = {
				ASSETCATALOG_COMPILER_APPICON_NAME = AppIcon;
				ASSETCATALOG_COMPILER_GLOBAL_ACCENT_COLOR_NAME = AccentColor;
				CODE_SIGN_STYLE = Automatic;
				CURRENT_PROJECT_VERSION = 1;
				DEVELOPMENT_ASSET_PATHS = "\"CarRentalApp/Preview Content\"";
				DEVELOPMENT_TEAM = CX2WD59759;
				ENABLE_PREVIEWS = YES;
				GENERATE_INFOPLIST_FILE = YES;
				INFOPLIST_FILE = CarRentalApp/Info.plist;
				INFOPLIST_KEY_UIApplicationSceneManifest_Generation = YES;
				INFOPLIST_KEY_UIApplicationSupportsIndirectInputEvents = YES;
				INFOPLIST_KEY_UISupportedInterfaceOrientations_iPad = "UIInterfaceOrientationPortrait UIInterfaceOrientationPortraitUpsideDown UIInterfaceOrientationLandscapeLeft UIInterfaceOrientationLandscapeRight";
				INFOPLIST_KEY_UISupportedInterfaceOrientations_iPhone = "UIInterfaceOrientationPortrait UIInterfaceOrientationLandscapeLeft UIInterfaceOrientationLandscapeRight";
				LD_RUNPATH_SEARCH_PATHS = (
					"$(inherited)",
					"@executable_path/Frameworks",
				);
				MARKETING_VERSION = 1.0;
				PRODUCT_BUNDLE_IDENTIFIER = ICO.CarRentalApp;
				PRODUCT_NAME = "$(TARGET_NAME)";
				SWIFT_EMIT_LOC_STRINGS = YES;
				SWIFT_VERSION = 5.0;
				TARGETED_DEVICE_FAMILY = "1,2";
			};
			name = Release;
		};
/* End XCBuildConfiguration section */

/* Begin XCConfigurationList section */
		18E883EE2BB4A96300BDC6EC /* Build configuration list for PBXProject "CarRentalApp" */ = {
			isa = XCConfigurationList;
			buildConfigurations = (
				18E883FF2BB4A96600BDC6EC /* Debug */,
				18E884002BB4A96600BDC6EC /* Release */,
			);
			defaultConfigurationIsVisible = 0;
			defaultConfigurationName = Release;
		};
		18E884012BB4A96600BDC6EC /* Build configuration list for PBXNativeTarget "CarRentalApp" */ = {
			isa = XCConfigurationList;
			buildConfigurations = (
				18E884022BB4A96600BDC6EC /* Debug */,
				18E884032BB4A96600BDC6EC /* Release */,
			);
			defaultConfigurationIsVisible = 0;
			defaultConfigurationName = Release;
		};
/* End XCConfigurationList section */

/* Begin XCRemoteSwiftPackageReference section */
		185F83D62BCC29250037CD0E /* XCRemoteSwiftPackageReference "HorizonCalendar" */ = {
			isa = XCRemoteSwiftPackageReference;
			repositoryURL = "https://github.com/airbnb/HorizonCalendar.git";
			requirement = {
				branch = master;
				kind = branch;
			};
		};
/* End XCRemoteSwiftPackageReference section */

/* Begin XCSwiftPackageProductDependency section */
		185F83D72BCC29250037CD0E /* HorizonCalendar */ = {
			isa = XCSwiftPackageProductDependency;
			package = 185F83D62BCC29250037CD0E /* XCRemoteSwiftPackageReference "HorizonCalendar" */;
			productName = HorizonCalendar;
		};
/* End XCSwiftPackageProductDependency section */
	};
	rootObject = 18E883EB2BB4A96300BDC6EC /* Project object */;
}
